github.com/frankenbeanies/uuid4 v0.0.0-20180313125435-68b799ec299a h1:oxdqt7Y3J6/prhpMQ7msE7CanS51pzHb8NF44PCSoXY=
github.com/frankenbeanies/uuid4 v0.0.0-20180313125435-68b799ec299a/go.mod h1:MmPmk1AfyaEzDM+9n93pi02xKEqUgZMj+AL/oX65TDE=
github.com/gorilla/mux v1.8.0 h1:i40aqfkR1h2SlN9hojwV5ZA91wcXFOvkdNIeFDP5koI=
github.com/gorilla/mux v1.8.0/go.mod h1:DVbg23sWSpFRCP0SfiEN6jmj59UnW/n46BH5rLB71So=
